Microsoft Visual Studio Solution File, Format Version 12.00
# Visual Studio Version 17
VisualStudioVersion = 17.14.36414.22
MinimumVisualStudioVersion = 16.0.0.0
Project("{9A19103F-16F7-4668-BE54-9A1E7A4F7556}") = "CubingAnalysis", "CubingAnalysis\CubingAnalysis.csproj", "{D0EC5B9C-A118-4B90-B74B-A70DBBF80A12}"
EndProject
Project("{9A19103F-16F7-4668-BE54-9A1E7A4F7556}") = "CubingAnalysis.Client", "CubingAnalysis.Client\CubingAnalysis.Client.csproj", "{A6D07B0A-453A-4B9F-87EC-5061305F773D}"
EndProject
Project("{FAE04EC0-301F-11D3-BF4B-00C04F79EFBC}") = "CubingAnalysis.Core", "CubingAnalysis.Core\CubingAnalysis.Core.csproj", "{747B3D1A-B1D4-4239-9A32-4914ECA9ED13}"
EndProject
Global
	GlobalSection(SolutionConfigurationPlatforms) = preSolution
		Debug|Any CPU = Debug|Any CPU
		Debug|x64 = Debug|x64
		Debug|x86 = Debug|x86
		Release|Any CPU = Release|Any CPU
		Release|x64 = Release|x64
		Release|x86 = Release|x86
	EndGlobalSection
	GlobalSection(ProjectConfigurationPlatforms) = postSolution
		{D0EC5B9C-A118-4B90-B74B-A70DBBF80A12}.Debug|Any CPU.ActiveCfg = Debug|Any CPU
		{D0EC5B9C-A118-4B90-B74B-A70DBBF80A12}.Debug|Any CPU.Build.0 = Debug|Any CPU
		{D0EC5B9C-A118-4B90-B74B-A70DBBF80A12}.Debug|x64.ActiveCfg = Debug|Any CPU
		{D0EC5B9C-A118-4B90-B74B-A70DBBF80A12}.Debug|x64.Build.0 = Debug|Any CPU
		{D0EC5B9C-A118-4B90-B74B-A70DBBF80A12}.Debug|x86.ActiveCfg = Debug|Any CPU
		{D0EC5B9C-A118-4B90-B74B-A70DBBF80A12}.Debug|x86.Build.0 = Debug|Any CPU
		{D0EC5B9C-A118-4B90-B74B-A70DBBF80A12}.Release|Any CPU.ActiveCfg = Release|Any CPU
		{D0EC5B9C-A118-4B90-B74B-A70DBBF80A12}.Release|Any CPU.Build.0 = Release|Any CPU
		{D0EC5B9C-A118-4B90-B74B-A70DBBF80A12}.Release|x64.ActiveCfg = Release|Any CPU
		{D0EC5B9C-A118-4B90-B74B-A70DBBF80A12}.Release|x64.Build.0 = Release|Any CPU
		{D0EC5B9C-A118-4B90-B74B-A70DBBF80A12}.Release|x86.ActiveCfg = Release|Any CPU
		{D0EC5B9C-A118-4B90-B74B-A70DBBF80A12}.Release|x86.Build.0 = Release|Any CPU
		{A6D07B0A-453A-4B9F-87EC-5061305F773D}.Debug|Any CPU.ActiveCfg = Debug|Any CPU
		{A6D07B0A-453A-4B9F-87EC-5061305F773D}.Debug|Any CPU.Build.0 = Debug|Any CPU
		{A6D07B0A-453A-4B9F-87EC-5061305F773D}.Debug|x64.ActiveCfg = Debug|Any CPU
		{A6D07B0A-453A-4B9F-87EC-5061305F773D}.Debug|x64.Build.0 = Debug|Any CPU
		{A6D07B0A-453A-4B9F-87EC-5061305F773D}.Debug|x86.ActiveCfg = Debug|Any CPU
		{A6D07B0A-453A-4B9F-87EC-5061305F773D}.Debug|x86.Build.0 = Debug|Any CPU
		{A6D07B0A-453A-4B9F-87EC-5061305F773D}.Release|Any CPU.ActiveCfg = Release|Any CPU
		{A6D07B0A-453A-4B9F-87EC-5061305F773D}.Release|Any CPU.Build.0 = Release|Any CPU
		{A6D07B0A-453A-4B9F-87EC-5061305F773D}.Release|x64.ActiveCfg = Release|Any CPU
		{A6D07B0A-453A-4B9F-87EC-5061305F773D}.Release|x64.Build.0 = Release|Any CPU
		{A6D07B0A-453A-4B9F-87EC-5061305F773D}.Release|x86.ActiveCfg = Release|Any CPU
		{A6D07B0A-453A-4B9F-87EC-5061305F773D}.Release|x86.Build.0 = Release|Any CPU
		{747B3D1A-B1D4-4239-9A32-4914ECA9ED13}.Debug|Any CPU.ActiveCfg = Debug|Any CPU
		{747B3D1A-B1D4-4239-9A32-4914ECA9ED13}.Debug|Any CPU.Build.0 = Debug|Any CPU
		{747B3D1A-B1D4-4239-9A32-4914ECA9ED13}.Debug|x64.ActiveCfg = Debug|Any CPU
		{747B3D1A-B1D4-4239-9A32-4914ECA9ED13}.Debug|x64.Build.0 = Debug|Any CPU
		{747B3D1A-B1D4-4239-9A32-4914ECA9ED13}.Debug|x86.ActiveCfg = Debug|Any CPU
		{747B3D1A-B1D4-4239-9A32-4914ECA9ED13}.Debug|x86.Build.0 = Debug|Any CPU
		{747B3D1A-B1D4-4239-9A32-4914ECA9ED13}.Release|Any CPU.ActiveCfg = Release|Any CPU
		{747B3D1A-B1D4-4239-9A32-4914ECA9ED13}.Release|Any CPU.Build.0 = Release|Any CPU
		{747B3D1A-B1D4-4239-9A32-4914ECA9ED13}.Release|x64.ActiveCfg = Release|Any CPU
		{747B3D1A-B1D4-4239-9A32-4914ECA9ED13}.Release|x64.Build.0 = Release|Any CPU
		{747B3D1A-B1D4-4239-9A32-4914ECA9ED13}.Release|x86.ActiveCfg = Release|Any CPU
		{747B3D1A-B1D4-4239-9A32-4914ECA9ED13}.Release|x86.Build.0 = Release|Any CPU
	EndGlobalSection
	GlobalSection(SolutionProperties) = preSolution
		HideSolutionNode = FALSE
	EndGlobalSection
	GlobalSection(ExtensibilityGlobals) = postSolution
		SolutionGuid = {FB554225-CB98-4888-91E6-2C2E86D20B22}
	EndGlobalSection
EndGlobal
